// !$*UTF8*$!
{
	archiveVersion = 1;
	classes = {
	};
	objectVersion = 50;
	objects = {

/* Begin PBXBuildFile section */
		4C02C2DA23D446CE0049D988 /* VoAIntegrator.swift in Sources */ = {isa = PBXBuildFile; fileRef = 4C02C2D923D446CE0049D988 /* VoAIntegrator.swift */; };
		4C02C2DD23D4479F0049D988 /* FirebaseIntegrator.swift in Sources */ = {isa = PBXBuildFile; fileRef = 4C02C2DC23D4479F0049D988 /* FirebaseIntegrator.swift */; };
		4C24CA7323D5CF69007D6F5D /* LoginViewController.swift in Sources */ = {isa = PBXBuildFile; fileRef = 4C24CA7223D5CF69007D6F5D /* LoginViewController.swift */; };
		4C24CA7523D5CFC7007D6F5D /* LoginView.swift in Sources */ = {isa = PBXBuildFile; fileRef = 4C24CA7423D5CFC7007D6F5D /* LoginView.swift */; };
		4C24CA7723D5D013007D6F5D /* LoginViewModel.swift in Sources */ = {isa = PBXBuildFile; fileRef = 4C24CA7623D5D013007D6F5D /* LoginViewModel.swift */; };
		4C33B5CF23CD6538003A0484 /* Netwoker.swift in Sources */ = {isa = PBXBuildFile; fileRef = 4C33B5CE23CD6538003A0484 /* Netwoker.swift */; };
		4C33B5D423CD690C003A0484 /* VoAError.swift in Sources */ = {isa = PBXBuildFile; fileRef = 4C33B5D323CD690C003A0484 /* VoAError.swift */; };
		4C33B5D723CD6CF4003A0484 /* ExtensionUIAlertViewController.swift in Sources */ = {isa = PBXBuildFile; fileRef = 4C33B5D623CD6CF4003A0484 /* ExtensionUIAlertViewController.swift */; };
		4C46F78423CE047F0031D3E0 /* BaseView.swift in Sources */ = {isa = PBXBuildFile; fileRef = 4C46F78323CE047F0031D3E0 /* BaseView.swift */; };
		4C46F78723CE083B0031D3E0 /* ExtensionUIView.swift in Sources */ = {isa = PBXBuildFile; fileRef = 4C46F78623CE083B0031D3E0 /* ExtensionUIView.swift */; };
		4C570F4723CC5FF000C438CA /* schema.json in Resources */ = {isa = PBXBuildFile; fileRef = 4C570F4623CC5FEF00C438CA /* schema.json */; };
		4C570F4D23CC609200C438CA /* LaunchListQuery.graphql in Resources */ = {isa = PBXBuildFile; fileRef = 4C570F4C23CC609200C438CA /* LaunchListQuery.graphql */; };
		4C570F4F23CC615400C438CA /* LaunchListQuery.swift in Sources */ = {isa = PBXBuildFile; fileRef = 4C570F4E23CC615400C438CA /* LaunchListQuery.swift */; };
		4C570F5123CC61EE00C438CA /* GraphqlNetworker.swift in Sources */ = {isa = PBXBuildFile; fileRef = 4C570F5023CC61EE00C438CA /* GraphqlNetworker.swift */; };
		4C570F5323CC621200C438CA /* VoAService.swift in Sources */ = {isa = PBXBuildFile; fileRef = 4C570F5223CC621200C438CA /* VoAService.swift */; };
		4C570F5623CC629E00C438CA /* ReactiveViewModelable.swift in Sources */ = {isa = PBXBuildFile; fileRef = 4C570F5523CC629E00C438CA /* ReactiveViewModelable.swift */; };
		4C570F5823CC62F700C438CA /* SplashViewModel.swift in Sources */ = {isa = PBXBuildFile; fileRef = 4C570F5723CC62F700C438CA /* SplashViewModel.swift */; };
		4C570F5B23CC641700C438CA /* BaseViewController.swift in Sources */ = {isa = PBXBuildFile; fileRef = 4C570F5A23CC641700C438CA /* BaseViewController.swift */; };
		4C5D0DF423D4450D00B3800D /* GoogleService-Info.plist in Resources */ = {isa = PBXBuildFile; fileRef = 4C5D0DF323D4450D00B3800D /* GoogleService-Info.plist */; };
		4C5D650823C96CC100822386 /* SplashViewController.swift in Sources */ = {isa = PBXBuildFile; fileRef = 4C5D650723C96CC100822386 /* SplashViewController.swift */; };
		4C5D650A23C96CCD00822386 /* ViewController.swift in Sources */ = {isa = PBXBuildFile; fileRef = 4C5D650923C96CCD00822386 /* ViewController.swift */; };
		4C5D650C23C96DB100822386 /* VoAColor.swift in Sources */ = {isa = PBXBuildFile; fileRef = 4C5D650B23C96DB100822386 /* VoAColor.swift */; };
		4C5D651323C9710200822386 /* SplashView.swift in Sources */ = {isa = PBXBuildFile; fileRef = 4C5D651223C9710200822386 /* SplashView.swift */; };
		4C7D06D623C9611B0096B86C /* AppDelegate.swift in Sources */ = {isa = PBXBuildFile; fileRef = 4C7D06D523C9611B0096B86C /* AppDelegate.swift */; };
		4C7D06D823C9611B0096B86C /* SceneDelegate.swift in Sources */ = {isa = PBXBuildFile; fileRef = 4C7D06D723C9611B0096B86C /* SceneDelegate.swift */; };
		4C7D06DF23C961240096B86C /* Assets.xcassets in Resources */ = {isa = PBXBuildFile; fileRef = 4C7D06DE23C961240096B86C /* Assets.xcassets */; };
		4C7D06E223C961240096B86C /* LaunchScreen.storyboard in Resources */ = {isa = PBXBuildFile; fileRef = 4C7D06E023C961240096B86C /* LaunchScreen.storyboard */; };
		4C7D06ED23C961250096B86C /* VoATests.swift in Sources */ = {isa = PBXBuildFile; fileRef = 4C7D06EC23C961250096B86C /* VoATests.swift */; };
		4C8D740B23D2C1F5005BEFAA /* KakaoOpenSDK.framework in Frameworks */ = {isa = PBXBuildFile; fileRef = 4C8D740A23D2C1F5005BEFAA /* KakaoOpenSDK.framework */; };
		4C8D741023D2C330005BEFAA /* ExtensionNSAttributedString.swift in Sources */ = {isa = PBXBuildFile; fileRef = 4C8D740F23D2C330005BEFAA /* ExtensionNSAttributedString.swift */; };
		4CB737DC23D5E27600E90929 /* HomeViewController.swift in Sources */ = {isa = PBXBuildFile; fileRef = 4CB737DB23D5E27600E90929 /* HomeViewController.swift */; };
		5036A061A8E5814C8AC6D2BC /* libPods-VoATests.a in Frameworks */ = {isa = PBXBuildFile; fileRef = A27AAFE9CFBDBC1998A60A24 /* libPods-VoATests.a */; };
		9807431323E305ED00900C6E /* CreateRoomViewController.swift in Sources */ = {isa = PBXBuildFile; fileRef = 9807431223E305ED00900C6E /* CreateRoomViewController.swift */; };
		9807431523E3062C00900C6E /* CreateRoomView.swift in Sources */ = {isa = PBXBuildFile; fileRef = 9807431423E3062C00900C6E /* CreateRoomView.swift */; };
		980751AC23ED41A60027C141 /* RoomInfoStartingData.json in Resources */ = {isa = PBXBuildFile; fileRef = 980751AB23ED3F420027C141 /* RoomInfoStartingData.json */; };
		980751AE23ED4F6E0027C141 /* RoomInfoComplete.json in Resources */ = {isa = PBXBuildFile; fileRef = 980751AD23ED4F6E0027C141 /* RoomInfoComplete.json */; };
		980E169423EC335D00D016B0 /* StartingRoomEndMemeberCollectionViewCell.swift in Sources */ = {isa = PBXBuildFile; fileRef = 980E169323EC335D00D016B0 /* StartingRoomEndMemeberCollectionViewCell.swift */; };
		980E169723EC38A500D016B0 /* ExtensionColection.swift in Sources */ = {isa = PBXBuildFile; fileRef = 980E169623EC38A500D016B0 /* ExtensionColection.swift */; };
		9814577223EAE8EF008DF51E /* StartingMemeberHeaderView.swift in Sources */ = {isa = PBXBuildFile; fileRef = 9814577123EAE8EF008DF51E /* StartingMemeberHeaderView.swift */; };
		9814577423EAEDE1008DF51E /* StartingRoomEndHeaderView.swift in Sources */ = {isa = PBXBuildFile; fileRef = 9814577323EAEDE1008DF51E /* StartingRoomEndHeaderView.swift */; };
		9839076523DF215000AAA064 /* LeftMenuView.swift in Sources */ = {isa = PBXBuildFile; fileRef = 9839076423DF215000AAA064 /* LeftMenuView.swift */; };
		9839076723DF244200AAA064 /* HomeViewModel.swift in Sources */ = {isa = PBXBuildFile; fileRef = 9839076623DF244200AAA064 /* HomeViewModel.swift */; };
		9839076923DF28E900AAA064 /* UserViewModel.swift in Sources */ = {isa = PBXBuildFile; fileRef = 9839076823DF28E900AAA064 /* UserViewModel.swift */; };
		98475C8023E93F44000A8018 /* LoginAPI.swift in Sources */ = {isa = PBXBuildFile; fileRef = 98475C7F23E93F44000A8018 /* LoginAPI.swift */; };
		98475C8323E941F0000A8018 /* LoginNetworker.swift in Sources */ = {isa = PBXBuildFile; fileRef = 98475C8223E941F0000A8018 /* LoginNetworker.swift */; };
		98475C8623E94548000A8018 /* LoginResponseJson.json in Resources */ = {isa = PBXBuildFile; fileRef = 98475C8523E94548000A8018 /* LoginResponseJson.json */; };
		985E75B123EAAD2E00C7AC1D /* NoneRoomView.swift in Sources */ = {isa = PBXBuildFile; fileRef = 985E75B023EAAD2E00C7AC1D /* NoneRoomView.swift */; };
		985E75B423EAAE2800C7AC1D /* NibInitializable.swift in Sources */ = {isa = PBXBuildFile; fileRef = 985E75B323EAAE2800C7AC1D /* NibInitializable.swift */; };
		985F141923E3F7BC00899172 /* MemberInviteViewController.swift in Sources */ = {isa = PBXBuildFile; fileRef = 985F141823E3F7BC00899172 /* MemberInviteViewController.swift */; };
		985F141B23E3F7F000899172 /* MemeberInviteView.swift in Sources */ = {isa = PBXBuildFile; fileRef = 985F141A23E3F7F000899172 /* MemeberInviteView.swift */; };
		985F141D23E3FCD300899172 /* MemberInviteViewModel.swift in Sources */ = {isa = PBXBuildFile; fileRef = 985F141C23E3FCD300899172 /* MemberInviteViewModel.swift */; };
		985F141F23E407E200899172 /* BaseCollectionReusableView.swift in Sources */ = {isa = PBXBuildFile; fileRef = 985F141E23E407E200899172 /* BaseCollectionReusableView.swift */; };
		985F142123E408DB00899172 /* BaseCollectionViewCell.swift in Sources */ = {isa = PBXBuildFile; fileRef = 985F142023E408DB00899172 /* BaseCollectionViewCell.swift */; };
		985F142423E40AF700899172 /* MemberInviteHeaderView.swift in Sources */ = {isa = PBXBuildFile; fileRef = 985F142323E40AF700899172 /* MemberInviteHeaderView.swift */; };
		985F142623E40C9200899172 /* MemberInviteCollectionViewCell.swift in Sources */ = {isa = PBXBuildFile; fileRef = 985F142523E40C9200899172 /* MemberInviteCollectionViewCell.swift */; };
		985F142923E41A8500899172 /* KakaoLink.framework in Frameworks */ = {isa = PBXBuildFile; fileRef = 985F142723E41A8400899172 /* KakaoLink.framework */; };
		985F142A23E41A8500899172 /* KakaoMessageTemplate.framework in Frameworks */ = {isa = PBXBuildFile; fileRef = 985F142823E41A8500899172 /* KakaoMessageTemplate.framework */; };
		985F142C23E41C5A00899172 /* KakaoCommon.framework in Frameworks */ = {isa = PBXBuildFile; fileRef = 985F142B23E41C5A00899172 /* KakaoCommon.framework */; };
		9861E52923DE9F5F007844D6 /* AppleLoginSuccesAlert.xib in Resources */ = {isa = PBXBuildFile; fileRef = 9861E52823DE9F5F007844D6 /* AppleLoginSuccesAlert.xib */; };
		9861E52B23DE9F6E007844D6 /* AppleLoginSuccesAlert.swift in Sources */ = {isa = PBXBuildFile; fileRef = 9861E52A23DE9F6E007844D6 /* AppleLoginSuccesAlert.swift */; };
		9861E52D23DEB832007844D6 /* NoneRoomView.xib in Resources */ = {isa = PBXBuildFile; fileRef = 9861E52C23DEB832007844D6 /* NoneRoomView.xib */; };
		9861E53023DECC61007844D6 /* LeftMenuViewController.swift in Sources */ = {isa = PBXBuildFile; fileRef = 9861E52F23DECC61007844D6 /* LeftMenuViewController.swift */; };
		986C76BE23EC10E70015B161 /* StartingMemeberCollectionCell.swift in Sources */ = {isa = PBXBuildFile; fileRef = 986C76BD23EC10E70015B161 /* StartingMemeberCollectionCell.swift */; };
		988D2B4123DDA32B005CD84F /* BaseNavigationController.swift in Sources */ = {isa = PBXBuildFile; fileRef = 988D2B4023DDA32B005CD84F /* BaseNavigationController.swift */; };
		988D2B4423DDA895005CD84F /* LoginInfoViewController.swift in Sources */ = {isa = PBXBuildFile; fileRef = 988D2B4323DDA895005CD84F /* LoginInfoViewController.swift */; };
		988D2B4623DDAAE9005CD84F /* LoginInfoView.swift in Sources */ = {isa = PBXBuildFile; fileRef = 988D2B4523DDAAE9005CD84F /* LoginInfoView.swift */; };
		988FFA0523DDBD4F002ED832 /* LoginInfoViewModel.swift in Sources */ = {isa = PBXBuildFile; fileRef = 988FFA0423DDBD4F002ED832 /* LoginInfoViewModel.swift */; };
		988FFA0723DDF485002ED832 /* VoAUtil.swift in Sources */ = {isa = PBXBuildFile; fileRef = 988FFA0623DDF485002ED832 /* VoAUtil.swift */; };
		9892C3EF23E328C80017AAA1 /* CreateRoomViewModel.swift in Sources */ = {isa = PBXBuildFile; fileRef = 9892C3EE23E328C80017AAA1 /* CreateRoomViewModel.swift */; };
		98991CF723ED2D7500A73A8A /* StartArriveAlertViewModel.swift in Sources */ = {isa = PBXBuildFile; fileRef = 98991CF623ED2D7500A73A8A /* StartArriveAlertViewModel.swift */; };
		98AC10E623E2CE45007D849C /* ExtensionSwiftlyUserDefault.swift in Sources */ = {isa = PBXBuildFile; fileRef = 98AC10E523E2CE45007D849C /* ExtensionSwiftlyUserDefault.swift */; };
		98AC10E923E2D48F007D849C /* StartArriveAlertViewController.swift in Sources */ = {isa = PBXBuildFile; fileRef = 98AC10E823E2D48F007D849C /* StartArriveAlertViewController.swift */; };
		98AC10EB23E2D4DD007D849C /* StartArriveAlertViewController.xib in Resources */ = {isa = PBXBuildFile; fileRef = 98AC10EA23E2D4DD007D849C /* StartArriveAlertViewController.xib */; };
		98AEFED023EA50FB00485E8F /* RoomInfoData.json in Resources */ = {isa = PBXBuildFile; fileRef = 98AEFECF23EA50F600485E8F /* RoomInfoData.json */; };
		98AEFED123EA50FC00485E8F /* RoomInfoData.json in Resources */ = {isa = PBXBuildFile; fileRef = 98AEFECF23EA50F600485E8F /* RoomInfoData.json */; };
		98AEFED323EA524100485E8F /* RoomInfoModel.swift in Sources */ = {isa = PBXBuildFile; fileRef = 98AEFED223EA524100485E8F /* RoomInfoModel.swift */; };
		98B3E3E223EAB3F700EF6BBC /* StartingRoomView.swift in Sources */ = {isa = PBXBuildFile; fileRef = 98B3E3E123EAB3F700EF6BBC /* StartingRoomView.swift */; };
		98B3E3E923EAB9D600EF6BBC /* StartingRoomHeaderView.swift in Sources */ = {isa = PBXBuildFile; fileRef = 98B3E3E823EAB9D600EF6BBC /* StartingRoomHeaderView.swift */; };
		98FAA87123E95F5000399E6C /* ExtensionReactive.swift in Sources */ = {isa = PBXBuildFile; fileRef = 98FAA87023E95F5000399E6C /* ExtensionReactive.swift */; };
		98FAA87423E9627A00399E6C /* BaseModel.swift in Sources */ = {isa = PBXBuildFile; fileRef = 98FAA87323E9627A00399E6C /* BaseModel.swift */; };
		98FAA87723E963E600399E6C /* UserModel.swift in Sources */ = {isa = PBXBuildFile; fileRef = 98FAA87623E963E600399E6C /* UserModel.swift */; };
		98FAA87D23E99FFB00399E6C /* RoomInfoAPI.swift in Sources */ = {isa = PBXBuildFile; fileRef = 98FAA87C23E99FFB00399E6C /* RoomInfoAPI.swift */; };
		98FAA87F23E9A0F100399E6C /* HomeNetworker.swift in Sources */ = {isa = PBXBuildFile; fileRef = 98FAA87E23E9A0F100399E6C /* HomeNetworker.swift */; };
		98FAA88123E9A54100399E6C /* RoomIDsModel.swift in Sources */ = {isa = PBXBuildFile; fileRef = 98FAA88023E9A54100399E6C /* RoomIDsModel.swift */; };
		98FAA88523E9A96A00399E6C /* RoomDatas.json in Resources */ = {isa = PBXBuildFile; fileRef = 98FAA88423E9A96A00399E6C /* RoomDatas.json */; };
		98FAA88623E9A96A00399E6C /* RoomDatas.json in Resources */ = {isa = PBXBuildFile; fileRef = 98FAA88423E9A96A00399E6C /* RoomDatas.json */; };
		C6775C3D2ED193085C52BF36 /* libPods-VoA.a in Frameworks */ = {isa = PBXBuildFile; fileRef = F200F6CD0D0A9C3D4F5D9D2F /* libPods-VoA.a */; };
/* End PBXBuildFile section */

/* Begin PBXContainerItemProxy section */
		4C7D06E923C961250096B86C /* PBXContainerItemProxy */ = {
			isa = PBXContainerItemProxy;
			containerPortal = 4C7D06CA23C9611A0096B86C /* Project object */;
			proxyType = 1;
			remoteGlobalIDString = 4C7D06D123C9611B0096B86C;
			remoteInfo = VoA;
		};
/* End PBXContainerItemProxy section */

/* Begin PBXFileReference section */
		087F85FA55F8FFDE72829D69 /* Pods-VoATests.debug.xcconfig */ = {isa = PBXFileReference; includeInIndex = 1; lastKnownFileType = text.xcconfig; name = "Pods-VoATests.debug.xcconfig"; path = "Target Support Files/Pods-VoATests/Pods-VoATests.debug.xcconfig"; sourceTree = "<group>"; };
		431B4870E5DD1BF151602FE7 /* Pods-VoATests.release.xcconfig */ = {isa = PBXFileReference; includeInIndex = 1; lastKnownFileType = text.xcconfig; name = "Pods-VoATests.release.xcconfig"; path = "Target Support Files/Pods-VoATests/Pods-VoATests.release.xcconfig"; sourceTree = "<group>"; };
		4C02C2D923D446CE0049D988 /* VoAIntegrator.swift */ = {isa = PBXFileReference; lastKnownFileType = sourcecode.swift; path = VoAIntegrator.swift; sourceTree = "<group>"; };
		4C02C2DC23D4479F0049D988 /* FirebaseIntegrator.swift */ = {isa = PBXFileReference; lastKnownFileType = sourcecode.swift; path = FirebaseIntegrator.swift; sourceTree = "<group>"; };
		4C24CA7223D5CF69007D6F5D /* LoginViewController.swift */ = {isa = PBXFileReference; lastKnownFileType = sourcecode.swift; path = LoginViewController.swift; sourceTree = "<group>"; };
		4C24CA7423D5CFC7007D6F5D /* LoginView.swift */ = {isa = PBXFileReference; lastKnownFileType = sourcecode.swift; path = LoginView.swift; sourceTree = "<group>"; };
		4C24CA7623D5D013007D6F5D /* LoginViewModel.swift */ = {isa = PBXFileReference; lastKnownFileType = sourcecode.swift; path = LoginViewModel.swift; sourceTree = "<group>"; };
		4C33B5CE23CD6538003A0484 /* Netwoker.swift */ = {isa = PBXFileReference; lastKnownFileType = sourcecode.swift; path = Netwoker.swift; sourceTree = "<group>"; };
		4C33B5D323CD690C003A0484 /* VoAError.swift */ = {isa = PBXFileReference; lastKnownFileType = sourcecode.swift; path = VoAError.swift; sourceTree = "<group>"; };
		4C33B5D623CD6CF4003A0484 /* ExtensionUIAlertViewController.swift */ = {isa = PBXFileReference; lastKnownFileType = sourcecode.swift; path = ExtensionUIAlertViewController.swift; sourceTree = "<group>"; };
		4C46F78323CE047F0031D3E0 /* BaseView.swift */ = {isa = PBXFileReference; lastKnownFileType = sourcecode.swift; path = BaseView.swift; sourceTree = "<group>"; };
		4C46F78623CE083B0031D3E0 /* ExtensionUIView.swift */ = {isa = PBXFileReference; lastKnownFileType = sourcecode.swift; path = ExtensionUIView.swift; sourceTree = "<group>"; };
		4C570F4623CC5FEF00C438CA /* schema.json */ = {isa = PBXFileReference; fileEncoding = 4; lastKnownFileType = text.json; path = schema.json; sourceTree = "<group>"; };
		4C570F4C23CC609200C438CA /* LaunchListQuery.graphql */ = {isa = PBXFileReference; lastKnownFileType = text; path = LaunchListQuery.graphql; sourceTree = "<group>"; };
		4C570F4E23CC615400C438CA /* LaunchListQuery.swift */ = {isa = PBXFileReference; fileEncoding = 4; lastKnownFileType = sourcecode.swift; name = LaunchListQuery.swift; path = VoA/Source/Common/SDK/Graphql/Query/LaunchListQuery.swift; sourceTree = SOURCE_ROOT; };
		4C570F5023CC61EE00C438CA /* GraphqlNetworker.swift */ = {isa = PBXFileReference; lastKnownFileType = sourcecode.swift; path = GraphqlNetworker.swift; sourceTree = "<group>"; };
		4C570F5223CC621200C438CA /* VoAService.swift */ = {isa = PBXFileReference; lastKnownFileType = sourcecode.swift; path = VoAService.swift; sourceTree = "<group>"; };
		4C570F5523CC629E00C438CA /* ReactiveViewModelable.swift */ = {isa = PBXFileReference; lastKnownFileType = sourcecode.swift; path = ReactiveViewModelable.swift; sourceTree = "<group>"; };
		4C570F5723CC62F700C438CA /* SplashViewModel.swift */ = {isa = PBXFileReference; lastKnownFileType = sourcecode.swift; path = SplashViewModel.swift; sourceTree = "<group>"; };
		4C570F5A23CC641700C438CA /* BaseViewController.swift */ = {isa = PBXFileReference; lastKnownFileType = sourcecode.swift; path = BaseViewController.swift; sourceTree = "<group>"; };
		4C5D0DF323D4450D00B3800D /* GoogleService-Info.plist */ = {isa = PBXFileReference; fileEncoding = 4; lastKnownFileType = text.plist.xml; path = "GoogleService-Info.plist"; sourceTree = "<group>"; };
		4C5D650723C96CC100822386 /* SplashViewController.swift */ = {isa = PBXFileReference; lastKnownFileType = sourcecode.swift; path = SplashViewController.swift; sourceTree = "<group>"; };
		4C5D650923C96CCD00822386 /* ViewController.swift */ = {isa = PBXFileReference; lastKnownFileType = sourcecode.swift; path = ViewController.swift; sourceTree = "<group>"; };
		4C5D650B23C96DB100822386 /* VoAColor.swift */ = {isa = PBXFileReference; lastKnownFileType = sourcecode.swift; path = VoAColor.swift; sourceTree = "<group>"; };
		4C5D651223C9710200822386 /* SplashView.swift */ = {isa = PBXFileReference; lastKnownFileType = sourcecode.swift; path = SplashView.swift; sourceTree = "<group>"; };
		4C7D06D223C9611B0096B86C /* VoA.app */ = {isa = PBXFileReference; explicitFileType = wrapper.application; includeInIndex = 0; path = VoA.app; sourceTree = BUILT_PRODUCTS_DIR; };
		4C7D06D523C9611B0096B86C /* AppDelegate.swift */ = {isa = PBXFileReference; lastKnownFileType = sourcecode.swift; path = AppDelegate.swift; sourceTree = "<group>"; };
		4C7D06D723C9611B0096B86C /* SceneDelegate.swift */ = {isa = PBXFileReference; lastKnownFileType = sourcecode.swift; path = SceneDelegate.swift; sourceTree = "<group>"; };
		4C7D06DE23C961240096B86C /* Assets.xcassets */ = {isa = PBXFileReference; lastKnownFileType = folder.assetcatalog; path = Assets.xcassets; sourceTree = "<group>"; };
		4C7D06E123C961240096B86C /* Base */ = {isa = PBXFileReference; lastKnownFileType = file.storyboard; name = Base; path = Base.lproj/LaunchScreen.storyboard; sourceTree = "<group>"; };
		4C7D06E323C961240096B86C /* Info.plist */ = {isa = PBXFileReference; lastKnownFileType = text.plist.xml; path = Info.plist; sourceTree = "<group>"; };
		4C7D06E823C961250096B86C /* VoATests.xctest */ = {isa = PBXFileReference; explicitFileType = wrapper.cfbundle; includeInIndex = 0; path = VoATests.xctest; sourceTree = BUILT_PRODUCTS_DIR; };
		4C7D06EC23C961250096B86C /* VoATests.swift */ = {isa = PBXFileReference; lastKnownFileType = sourcecode.swift; path = VoATests.swift; sourceTree = "<group>"; };
		4C7D06EE23C961250096B86C /* Info.plist */ = {isa = PBXFileReference; lastKnownFileType = text.plist.xml; path = Info.plist; sourceTree = "<group>"; };
		4C8D740A23D2C1F5005BEFAA /* KakaoOpenSDK.framework */ = {isa = PBXFileReference; lastKnownFileType = wrapper.framework; path = KakaoOpenSDK.framework; sourceTree = "<group>"; };
		4C8D740C23D2C256005BEFAA /* VoA-Bridging-Header.h */ = {isa = PBXFileReference; lastKnownFileType = sourcecode.c.h; path = "VoA-Bridging-Header.h"; sourceTree = "<group>"; };
		4C8D740F23D2C330005BEFAA /* ExtensionNSAttributedString.swift */ = {isa = PBXFileReference; lastKnownFileType = sourcecode.swift; path = ExtensionNSAttributedString.swift; sourceTree = "<group>"; };
		4CB737DB23D5E27600E90929 /* HomeViewController.swift */ = {isa = PBXFileReference; lastKnownFileType = sourcecode.swift; path = HomeViewController.swift; sourceTree = "<group>"; };
		4CB83C8823D549B9006B8711 /* VoA.entitlements */ = {isa = PBXFileReference; lastKnownFileType = text.plist.entitlements; path = VoA.entitlements; sourceTree = "<group>"; };
		4CE9D2F723D544050090F645 /* VoARelease.entitlements */ = {isa = PBXFileReference; lastKnownFileType = text.plist.entitlements; path = VoARelease.entitlements; sourceTree = "<group>"; };
		813F61DC0558B3D410448E08 /* Pods-VoA.debug.xcconfig */ = {isa = PBXFileReference; includeInIndex = 1; lastKnownFileType = text.xcconfig; name = "Pods-VoA.debug.xcconfig"; path = "Target Support Files/Pods-VoA/Pods-VoA.debug.xcconfig"; sourceTree = "<group>"; };
		9807431223E305ED00900C6E /* CreateRoomViewController.swift */ = {isa = PBXFileReference; lastKnownFileType = sourcecode.swift; path = CreateRoomViewController.swift; sourceTree = "<group>"; };
		9807431423E3062C00900C6E /* CreateRoomView.swift */ = {isa = PBXFileReference; lastKnownFileType = sourcecode.swift; path = CreateRoomView.swift; sourceTree = "<group>"; };
		980751AB23ED3F420027C141 /* RoomInfoStartingData.json */ = {isa = PBXFileReference; lastKnownFileType = text.json; path = RoomInfoStartingData.json; sourceTree = "<group>"; };
		980751AD23ED4F6E0027C141 /* RoomInfoComplete.json */ = {isa = PBXFileReference; lastKnownFileType = text.json; path = RoomInfoComplete.json; sourceTree = "<group>"; };
		980E169323EC335D00D016B0 /* StartingRoomEndMemeberCollectionViewCell.swift */ = {isa = PBXFileReference; lastKnownFileType = sourcecode.swift; path = StartingRoomEndMemeberCollectionViewCell.swift; sourceTree = "<group>"; };
		980E169623EC38A500D016B0 /* ExtensionColection.swift */ = {isa = PBXFileReference; lastKnownFileType = sourcecode.swift; path = ExtensionColection.swift; sourceTree = "<group>"; };
		9814577123EAE8EF008DF51E /* StartingMemeberHeaderView.swift */ = {isa = PBXFileReference; lastKnownFileType = sourcecode.swift; path = StartingMemeberHeaderView.swift; sourceTree = "<group>"; };
		9814577323EAEDE1008DF51E /* StartingRoomEndHeaderView.swift */ = {isa = PBXFileReference; lastKnownFileType = sourcecode.swift; path = StartingRoomEndHeaderView.swift; sourceTree = "<group>"; };
		9839076423DF215000AAA064 /* LeftMenuView.swift */ = {isa = PBXFileReference; lastKnownFileType = sourcecode.swift; path = LeftMenuView.swift; sourceTree = "<group>"; };
		9839076623DF244200AAA064 /* HomeViewModel.swift */ = {isa = PBXFileReference; lastKnownFileType = sourcecode.swift; path = HomeViewModel.swift; sourceTree = "<group>"; };
		9839076823DF28E900AAA064 /* UserViewModel.swift */ = {isa = PBXFileReference; lastKnownFileType = sourcecode.swift; path = UserViewModel.swift; sourceTree = "<group>"; };
		98475C7F23E93F44000A8018 /* LoginAPI.swift */ = {isa = PBXFileReference; lastKnownFileType = sourcecode.swift; path = LoginAPI.swift; sourceTree = "<group>"; };
		98475C8223E941F0000A8018 /* LoginNetworker.swift */ = {isa = PBXFileReference; lastKnownFileType = sourcecode.swift; path = LoginNetworker.swift; sourceTree = "<group>"; };
		98475C8523E94548000A8018 /* LoginResponseJson.json */ = {isa = PBXFileReference; lastKnownFileType = text.json; path = LoginResponseJson.json; sourceTree = "<group>"; };
		985E75B023EAAD2E00C7AC1D /* NoneRoomView.swift */ = {isa = PBXFileReference; lastKnownFileType = sourcecode.swift; path = NoneRoomView.swift; sourceTree = "<group>"; };
		985E75B323EAAE2800C7AC1D /* NibInitializable.swift */ = {isa = PBXFileReference; lastKnownFileType = sourcecode.swift; path = NibInitializable.swift; sourceTree = "<group>"; };
		985F141823E3F7BC00899172 /* MemberInviteViewController.swift */ = {isa = PBXFileReference; lastKnownFileType = sourcecode.swift; path = MemberInviteViewController.swift; sourceTree = "<group>"; };
		985F141A23E3F7F000899172 /* MemeberInviteView.swift */ = {isa = PBXFileReference; lastKnownFileType = sourcecode.swift; path = MemeberInviteView.swift; sourceTree = "<group>"; };
		985F141C23E3FCD300899172 /* MemberInviteViewModel.swift */ = {isa = PBXFileReference; lastKnownFileType = sourcecode.swift; path = MemberInviteViewModel.swift; sourceTree = "<group>"; };
		985F141E23E407E200899172 /* BaseCollectionReusableView.swift */ = {isa = PBXFileReference; lastKnownFileType = sourcecode.swift; path = BaseCollectionReusableView.swift; sourceTree = "<group>"; };
		985F142023E408DB00899172 /* BaseCollectionViewCell.swift */ = {isa = PBXFileReference; lastKnownFileType = sourcecode.swift; path = BaseCollectionViewCell.swift; sourceTree = "<group>"; };
		985F142323E40AF700899172 /* MemberInviteHeaderView.swift */ = {isa = PBXFileReference; lastKnownFileType = sourcecode.swift; path = MemberInviteHeaderView.swift; sourceTree = "<group>"; };
		985F142523E40C9200899172 /* MemberInviteCollectionViewCell.swift */ = {isa = PBXFileReference; lastKnownFileType = sourcecode.swift; path = MemberInviteCollectionViewCell.swift; sourceTree = "<group>"; };
		985F142723E41A8400899172 /* KakaoLink.framework */ = {isa = PBXFileReference; lastKnownFileType = wrapper.framework; path = KakaoLink.framework; sourceTree = "<group>"; };
		985F142823E41A8500899172 /* KakaoMessageTemplate.framework */ = {isa = PBXFileReference; lastKnownFileType = wrapper.framework; path = KakaoMessageTemplate.framework; sourceTree = "<group>"; };
		985F142B23E41C5A00899172 /* KakaoCommon.framework */ = {isa = PBXFileReference; lastKnownFileType = wrapper.framework; path = KakaoCommon.framework; sourceTree = "<group>"; };
		9861E52823DE9F5F007844D6 /* AppleLoginSuccesAlert.xib */ = {isa = PBXFileReference; lastKnownFileType = file.xib; path = AppleLoginSuccesAlert.xib; sourceTree = "<group>"; };
		9861E52A23DE9F6E007844D6 /* AppleLoginSuccesAlert.swift */ = {isa = PBXFileReference; lastKnownFileType = sourcecode.swift; path = AppleLoginSuccesAlert.swift; sourceTree = "<group>"; };
		9861E52C23DEB832007844D6 /* NoneRoomView.xib */ = {isa = PBXFileReference; lastKnownFileType = file.xib; path = NoneRoomView.xib; sourceTree = "<group>"; };
		9861E52F23DECC61007844D6 /* LeftMenuViewController.swift */ = {isa = PBXFileReference; lastKnownFileType = sourcecode.swift; path = LeftMenuViewController.swift; sourceTree = "<group>"; };
		986C76BD23EC10E70015B161 /* StartingMemeberCollectionCell.swift */ = {isa = PBXFileReference; lastKnownFileType = sourcecode.swift; path = StartingMemeberCollectionCell.swift; sourceTree = "<group>"; };
		988D2B4023DDA32B005CD84F /* BaseNavigationController.swift */ = {isa = PBXFileReference; lastKnownFileType = sourcecode.swift; path = BaseNavigationController.swift; sourceTree = "<group>"; };
		988D2B4323DDA895005CD84F /* LoginInfoViewController.swift */ = {isa = PBXFileReference; lastKnownFileType = sourcecode.swift; path = LoginInfoViewController.swift; sourceTree = "<group>"; };
		988D2B4523DDAAE9005CD84F /* LoginInfoView.swift */ = {isa = PBXFileReference; lastKnownFileType = sourcecode.swift; path = LoginInfoView.swift; sourceTree = "<group>"; };
		988FFA0423DDBD4F002ED832 /* LoginInfoViewModel.swift */ = {isa = PBXFileReference; lastKnownFileType = sourcecode.swift; path = LoginInfoViewModel.swift; sourceTree = "<group>"; };
		988FFA0623DDF485002ED832 /* VoAUtil.swift */ = {isa = PBXFileReference; lastKnownFileType = sourcecode.swift; path = VoAUtil.swift; sourceTree = "<group>"; };
		9892C3EE23E328C80017AAA1 /* CreateRoomViewModel.swift */ = {isa = PBXFileReference; lastKnownFileType = sourcecode.swift; path = CreateRoomViewModel.swift; sourceTree = "<group>"; };
		98991CF623ED2D7500A73A8A /* StartArriveAlertViewModel.swift */ = {isa = PBXFileReference; lastKnownFileType = sourcecode.swift; path = StartArriveAlertViewModel.swift; sourceTree = "<group>"; };
		98AC10E523E2CE45007D849C /* ExtensionSwiftlyUserDefault.swift */ = {isa = PBXFileReference; lastKnownFileType = sourcecode.swift; path = ExtensionSwiftlyUserDefault.swift; sourceTree = "<group>"; };
		98AC10E823E2D48F007D849C /* StartArriveAlertViewController.swift */ = {isa = PBXFileReference; lastKnownFileType = sourcecode.swift; path = StartArriveAlertViewController.swift; sourceTree = "<group>"; };
		98AC10EA23E2D4DD007D849C /* StartArriveAlertViewController.xib */ = {isa = PBXFileReference; lastKnownFileType = file.xib; path = StartArriveAlertViewController.xib; sourceTree = "<group>"; };
		98AEFECF23EA50F600485E8F /* RoomInfoData.json */ = {isa = PBXFileReference; lastKnownFileType = text.json; path = RoomInfoData.json; sourceTree = "<group>"; };
		98AEFED223EA524100485E8F /* RoomInfoModel.swift */ = {isa = PBXFileReference; lastKnownFileType = sourcecode.swift; path = RoomInfoModel.swift; sourceTree = "<group>"; };
		98B3E3E123EAB3F700EF6BBC /* StartingRoomView.swift */ = {isa = PBXFileReference; lastKnownFileType = sourcecode.swift; path = StartingRoomView.swift; sourceTree = "<group>"; };
		98B3E3E823EAB9D600EF6BBC /* StartingRoomHeaderView.swift */ = {isa = PBXFileReference; lastKnownFileType = sourcecode.swift; path = StartingRoomHeaderView.swift; sourceTree = "<group>"; };
		98FAA87023E95F5000399E6C /* ExtensionReactive.swift */ = {isa = PBXFileReference; lastKnownFileType = sourcecode.swift; path = ExtensionReactive.swift; sourceTree = "<group>"; };
		98FAA87323E9627A00399E6C /* BaseModel.swift */ = {isa = PBXFileReference; lastKnownFileType = sourcecode.swift; path = BaseModel.swift; sourceTree = "<group>"; };
		98FAA87623E963E600399E6C /* UserModel.swift */ = {isa = PBXFileReference; lastKnownFileType = sourcecode.swift; path = UserModel.swift; sourceTree = "<group>"; };
		98FAA87C23E99FFB00399E6C /* RoomInfoAPI.swift */ = {isa = PBXFileReference; lastKnownFileType = sourcecode.swift; path = RoomInfoAPI.swift; sourceTree = "<group>"; };
		98FAA87E23E9A0F100399E6C /* HomeNetworker.swift */ = {isa = PBXFileReference; lastKnownFileType = sourcecode.swift; path = HomeNetworker.swift; sourceTree = "<group>"; };
		98FAA88023E9A54100399E6C /* RoomIDsModel.swift */ = {isa = PBXFileReference; lastKnownFileType = sourcecode.swift; path = RoomIDsModel.swift; sourceTree = "<group>"; };
		98FAA88423E9A96A00399E6C /* RoomDatas.json */ = {isa = PBXFileReference; lastKnownFileType = text.json; path = RoomDatas.json; sourceTree = "<group>"; };
		A27AAFE9CFBDBC1998A60A24 /* libPods-VoATests.a */ = {isa = PBXFileReference; explicitFileType = archive.ar; includeInIndex = 0; path = "libPods-VoATests.a"; sourceTree = BUILT_PRODUCTS_DIR; };
		DA51C22EA9BFCCDBC75F47A9 /* Pods-VoA.release.xcconfig */ = {isa = PBXFileReference; includeInIndex = 1; lastKnownFileType = text.xcconfig; name = "Pods-VoA.release.xcconfig"; path = "Target Support Files/Pods-VoA/Pods-VoA.release.xcconfig"; sourceTree = "<group>"; };
		F200F6CD0D0A9C3D4F5D9D2F /* libPods-VoA.a */ = {isa = PBXFileReference; explicitFileType = archive.ar; includeInIndex = 0; path = "libPods-VoA.a"; sourceTree = BUILT_PRODUCTS_DIR; };
/* End PBXFileReference section */

/* Begin PBXFrameworksBuildPhase section */
		4C7D06CF23C9611B0096B86C /* Frameworks */ = {
			isa = PBXFrameworksBuildPhase;
			buildActionMask = 2147483647;
			files = (
				985F142C23E41C5A00899172 /* KakaoCommon.framework in Frameworks */,
				C6775C3D2ED193085C52BF36 /* libPods-VoA.a in Frameworks */,
				4C8D740B23D2C1F5005BEFAA /* KakaoOpenSDK.framework in Frameworks */,
				985F142A23E41A8500899172 /* KakaoMessageTemplate.framework in Frameworks */,
				985F142923E41A8500899172 /* KakaoLink.framework in Frameworks */,
			);
			runOnlyForDeploymentPostprocessing = 0;
		};
		4C7D06E523C961250096B86C /* Frameworks */ = {
			isa = PBXFrameworksBuildPhase;
			buildActionMask = 2147483647;
			files = (
				5036A061A8E5814C8AC6D2BC /* libPods-VoATests.a in Frameworks */,
			);
			runOnlyForDeploymentPostprocessing = 0;
		};
/* End PBXFrameworksBuildPhase section */

/* Begin PBXGroup section */
		4C02C2D823D446C10049D988 /* Util */ = {
			isa = PBXGroup;
			children = (
				4C02C2D923D446CE0049D988 /* VoAIntegrator.swift */,
				4C02C2DC23D4479F0049D988 /* FirebaseIntegrator.swift */,
				988FFA0623DDF485002ED832 /* VoAUtil.swift */,
				9839076823DF28E900AAA064 /* UserViewModel.swift */,
				98AC10E523E2CE45007D849C /* ExtensionSwiftlyUserDefault.swift */,
			);
			path = Util;
			sourceTree = "<group>";
		};
		4C24CA7123D5CF54007D6F5D /* Login */ = {
			isa = PBXGroup;
			children = (
				9861E52723DE9F3A007844D6 /* AppleLoginSuccesAlert */,
				4C24CA7223D5CF69007D6F5D /* LoginViewController.swift */,
				4C24CA7423D5CFC7007D6F5D /* LoginView.swift */,
				4C24CA7623D5D013007D6F5D /* LoginViewModel.swift */,
			);
			path = Login;
			sourceTree = "<group>";
		};
		4C33B5CD23CD6524003A0484 /* REST */ = {
			isa = PBXGroup;
			children = (
				98475C8123E941E0000A8018 /* Network */,
				98475C7E23E93F3A000A8018 /* APi */,
			);
			path = REST;
			sourceTree = "<group>";
		};
		4C33B5D223CD6902003A0484 /* Error */ = {
			isa = PBXGroup;
			children = (
				4C33B5D323CD690C003A0484 /* VoAError.swift */,
			);
			path = Error;
			sourceTree = "<group>";
		};
		4C33B5D523CD6CE9003A0484 /* Extension */ = {
			isa = PBXGroup;
			children = (
				4C33B5D623CD6CF4003A0484 /* ExtensionUIAlertViewController.swift */,
				4C46F78623CE083B0031D3E0 /* ExtensionUIView.swift */,
				4C8D740F23D2C330005BEFAA /* ExtensionNSAttributedString.swift */,
				98FAA87023E95F5000399E6C /* ExtensionReactive.swift */,
				980E169623EC38A500D016B0 /* ExtensionColection.swift */,
			);
			path = Extension;
			sourceTree = "<group>";
		};
		4C570F4823CC5FFB00C438CA /* SDK */ = {
			isa = PBXGroup;
			children = (
				4C570F5223CC621200C438CA /* VoAService.swift */,
				4C33B5CE23CD6538003A0484 /* Netwoker.swift */,
				98475C8423E94528000A8018 /* JsonFiles */,
				98FAA87223E9626800399E6C /* Models */,
				4C33B5CD23CD6524003A0484 /* REST */,
				4C570F4923CC600100C438CA /* Graphql */,
			);
			path = SDK;
			sourceTree = "<group>";
		};
		4C570F4923CC600100C438CA /* Graphql */ = {
			isa = PBXGroup;
			children = (
				4C570F5023CC61EE00C438CA /* GraphqlNetworker.swift */,
				4C570F4A23CC602300C438CA /* Query */,
			);
			path = Graphql;
			sourceTree = "<group>";
		};
		4C570F4A23CC602300C438CA /* Query */ = {
			isa = PBXGroup;
			children = (
				4C570F4E23CC615400C438CA /* LaunchListQuery.swift */,
				4C570F4C23CC609200C438CA /* LaunchListQuery.graphql */,
			);
			path = Query;
			sourceTree = "<group>";
		};
		4C570F5423CC628B00C438CA /* Protocol */ = {
			isa = PBXGroup;
			children = (
				985E75B323EAAE2800C7AC1D /* NibInitializable.swift */,
				4C570F5523CC629E00C438CA /* ReactiveViewModelable.swift */,
			);
			path = Protocol;
			sourceTree = "<group>";
		};
		4C570F5923CC640D00C438CA /* Base */ = {
			isa = PBXGroup;
			children = (
				4C570F5A23CC641700C438CA /* BaseViewController.swift */,
				4C46F78323CE047F0031D3E0 /* BaseView.swift */,
				988D2B4023DDA32B005CD84F /* BaseNavigationController.swift */,
				985F141E23E407E200899172 /* BaseCollectionReusableView.swift */,
				985F142023E408DB00899172 /* BaseCollectionViewCell.swift */,
			);
			path = Base;
			sourceTree = "<group>";
		};
		4C5D650423C96C8D00822386 /* Source */ = {
			isa = PBXGroup;
			children = (
				4C5D650623C96CB000822386 /* Splash */,
				4C24CA7123D5CF54007D6F5D /* Login */,
				988D2B4223DDA874005CD84F /* LoginUserInfo */,
				4CB737DA23D5E26300E90929 /* Home */,
				4C5D650523C96CA800822386 /* Common */,
			);
			path = Source;
			sourceTree = "<group>";
		};
		4C5D650523C96CA800822386 /* Common */ = {
			isa = PBXGroup;
			children = (
				4C02C2D823D446C10049D988 /* Util */,
				4C33B5D523CD6CE9003A0484 /* Extension */,
				4C33B5D223CD6902003A0484 /* Error */,
				4C570F5923CC640D00C438CA /* Base */,
				4C570F5423CC628B00C438CA /* Protocol */,
				4C570F4823CC5FFB00C438CA /* SDK */,
				4C5D650B23C96DB100822386 /* VoAColor.swift */,
			);
			path = Common;
			sourceTree = "<group>";
		};
		4C5D650623C96CB000822386 /* Splash */ = {
			isa = PBXGroup;
			children = (
				4C5D650723C96CC100822386 /* SplashViewController.swift */,
				4C5D651223C9710200822386 /* SplashView.swift */,
				4C570F5723CC62F700C438CA /* SplashViewModel.swift */,
			);
			path = Splash;
			sourceTree = "<group>";
		};
		4C7D06C923C9611A0096B86C = {
			isa = PBXGroup;
			children = (
				4C7D06D423C9611B0096B86C /* VoA */,
				4C7D06EB23C961250096B86C /* VoATests */,
				4C7D06D323C9611B0096B86C /* Products */,
				A66769CCBF7093EC82E17318 /* Pods */,
				851F2FB048F4DBC148A5B09E /* Frameworks */,
			);
			sourceTree = "<group>";
		};
		4C7D06D323C9611B0096B86C /* Products */ = {
			isa = PBXGroup;
			children = (
				4C7D06D223C9611B0096B86C /* VoA.app */,
				4C7D06E823C961250096B86C /* VoATests.xctest */,
			);
			name = Products;
			sourceTree = "<group>";
		};
		4C7D06D423C9611B0096B86C /* VoA */ = {
			isa = PBXGroup;
			children = (
				4CB83C8823D549B9006B8711 /* VoA.entitlements */,
				4CE9D2F723D544050090F645 /* VoARelease.entitlements */,
				4C570F4623CC5FEF00C438CA /* schema.json */,
				4C7D06D523C9611B0096B86C /* AppDelegate.swift */,
				4C7D06D723C9611B0096B86C /* SceneDelegate.swift */,
				4C5D650923C96CCD00822386 /* ViewController.swift */,
				4C7D06DE23C961240096B86C /* Assets.xcassets */,
				4C7D06E023C961240096B86C /* LaunchScreen.storyboard */,
				4C7D06E323C961240096B86C /* Info.plist */,
				4C5D0DF323D4450D00B3800D /* GoogleService-Info.plist */,
				4C5D650423C96C8D00822386 /* Source */,
				4C8D740C23D2C256005BEFAA /* VoA-Bridging-Header.h */,
			);
			path = VoA;
			sourceTree = "<group>";
		};
		4C7D06EB23C961250096B86C /* VoATests */ = {
			isa = PBXGroup;
			children = (
				4C7D06EC23C961250096B86C /* VoATests.swift */,
				4C7D06EE23C961250096B86C /* Info.plist */,
			);
			path = VoATests;
			sourceTree = "<group>";
		};
		4CB737DA23D5E26300E90929 /* Home */ = {
			isa = PBXGroup;
			children = (
				9807431123E305DD00900C6E /* CreateRoom */,
				9861E52E23DECC51007844D6 /* LeftMenu */,
				98134B4A23EAB22E0031E48A /* HomeViews */,
				4CB737DB23D5E27600E90929 /* HomeViewController.swift */,
				9839076623DF244200AAA064 /* HomeViewModel.swift */,
			);
			path = Home;
			sourceTree = "<group>";
		};
		851F2FB048F4DBC148A5B09E /* Frameworks */ = {
			isa = PBXGroup;
			children = (
				985F142B23E41C5A00899172 /* KakaoCommon.framework */,
				985F142723E41A8400899172 /* KakaoLink.framework */,
				985F142823E41A8500899172 /* KakaoMessageTemplate.framework */,
				4C8D740A23D2C1F5005BEFAA /* KakaoOpenSDK.framework */,
				F200F6CD0D0A9C3D4F5D9D2F /* libPods-VoA.a */,
				A27AAFE9CFBDBC1998A60A24 /* libPods-VoATests.a */,
			);
			name = Frameworks;
			sourceTree = "<group>";
		};
		9807431123E305DD00900C6E /* CreateRoom */ = {
			isa = PBXGroup;
			children = (
				985F141723E3F78D00899172 /* MemberInvite */,
				9807431223E305ED00900C6E /* CreateRoomViewController.swift */,
				9807431423E3062C00900C6E /* CreateRoomView.swift */,
				9892C3EE23E328C80017AAA1 /* CreateRoomViewModel.swift */,
			);
			path = CreateRoom;
			sourceTree = "<group>";
		};
		98134B4A23EAB22E0031E48A /* HomeViews */ = {
			isa = PBXGroup;
			children = (
				98B3E3E623EAB9BC00EF6BBC /* StartingRoomView */,
				98B3E3E523EAB9B200EF6BBC /* NoneView */,
			);
			path = HomeViews;
			sourceTree = "<group>";
		};
		9814577523EBDCFC008DF51E /* MyStatus */ = {
			isa = PBXGroup;
			children = (
				98AC10E723E2D479007D849C /* StartArriveAlert */,
				98B3E3E823EAB9D600EF6BBC /* StartingRoomHeaderView.swift */,
			);
			path = MyStatus;
			sourceTree = "<group>";
		};
		98475C7E23E93F3A000A8018 /* APi */ = {
			isa = PBXGroup;
			children = (
				98475C7F23E93F44000A8018 /* LoginAPI.swift */,
				98FAA87C23E99FFB00399E6C /* RoomInfoAPI.swift */,
			);
			path = APi;
			sourceTree = "<group>";
		};
		98475C8123E941E0000A8018 /* Network */ = {
			isa = PBXGroup;
			children = (
				98475C8223E941F0000A8018 /* LoginNetworker.swift */,
				98FAA87E23E9A0F100399E6C /* HomeNetworker.swift */,
			);
			path = Network;
			sourceTree = "<group>";
		};
		98475C8423E94528000A8018 /* JsonFiles */ = {
			isa = PBXGroup;
			children = (
				98475C8523E94548000A8018 /* LoginResponseJson.json */,
				98FAA88423E9A96A00399E6C /* RoomDatas.json */,
				98AEFECF23EA50F600485E8F /* RoomInfoData.json */,
				980751AB23ED3F420027C141 /* RoomInfoStartingData.json */,
				980751AD23ED4F6E0027C141 /* RoomInfoComplete.json */,
			);
			path = JsonFiles;
			sourceTree = "<group>";
		};
		985F141723E3F78D00899172 /* MemberInvite */ = {
			isa = PBXGroup;
			children = (
				985F142223E40AE900899172 /* Items */,
				985F141823E3F7BC00899172 /* MemberInviteViewController.swift */,
				985F141A23E3F7F000899172 /* MemeberInviteView.swift */,
				985F141C23E3FCD300899172 /* MemberInviteViewModel.swift */,
			);
			path = MemberInvite;
			sourceTree = "<group>";
		};
		985F142223E40AE900899172 /* Items */ = {
			isa = PBXGroup;
			children = (
				985F142323E40AF700899172 /* MemberInviteHeaderView.swift */,
				985F142523E40C9200899172 /* MemberInviteCollectionViewCell.swift */,
			);
			path = Items;
			sourceTree = "<group>";
		};
		9861E52723DE9F3A007844D6 /* AppleLoginSuccesAlert */ = {
			isa = PBXGroup;
			children = (
				9861E52823DE9F5F007844D6 /* AppleLoginSuccesAlert.xib */,
				9861E52A23DE9F6E007844D6 /* AppleLoginSuccesAlert.swift */,
			);
			path = AppleLoginSuccesAlert;
			sourceTree = "<group>";
		};
		9861E52E23DECC51007844D6 /* LeftMenu */ = {
			isa = PBXGroup;
			children = (
				9861E52F23DECC61007844D6 /* LeftMenuViewController.swift */,
				9839076423DF215000AAA064 /* LeftMenuView.swift */,
			);
			path = LeftMenu;
			sourceTree = "<group>";
		};
		986C76BC23EC0F240015B161 /* EndMemberStatus */ = {
			isa = PBXGroup;
			children = (
				9814577323EAEDE1008DF51E /* StartingRoomEndHeaderView.swift */,
				980E169323EC335D00D016B0 /* StartingRoomEndMemeberCollectionViewCell.swift */,
			);
			path = EndMemberStatus;
			sourceTree = "<group>";
		};
		988D2B4223DDA874005CD84F /* LoginUserInfo */ = {
			isa = PBXGroup;
			children = (
				988D2B4323DDA895005CD84F /* LoginInfoViewController.swift */,
				988D2B4523DDAAE9005CD84F /* LoginInfoView.swift */,
				988FFA0423DDBD4F002ED832 /* LoginInfoViewModel.swift */,
			);
			path = LoginUserInfo;
			sourceTree = "<group>";
		};
		98AC10E723E2D479007D849C /* StartArriveAlert */ = {
			isa = PBXGroup;
			children = (
				98AC10E823E2D48F007D849C /* StartArriveAlertViewController.swift */,
				98AC10EA23E2D4DD007D849C /* StartArriveAlertViewController.xib */,
				98991CF623ED2D7500A73A8A /* StartArriveAlertViewModel.swift */,
			);
			path = StartArriveAlert;
			sourceTree = "<group>";
		};
		98B3E3E523EAB9B200EF6BBC /* NoneView */ = {
			isa = PBXGroup;
			children = (
				985E75B023EAAD2E00C7AC1D /* NoneRoomView.swift */,
				9861E52C23DEB832007844D6 /* NoneRoomView.xib */,
			);
			path = NoneView;
			sourceTree = "<group>";
		};
		98B3E3E623EAB9BC00EF6BBC /* StartingRoomView */ = {
			isa = PBXGroup;
			children = (
				98B3E3E723EAB9C600EF6BBC /* Items */,
				98B3E3E123EAB3F700EF6BBC /* StartingRoomView.swift */,
			);
			path = StartingRoomView;
			sourceTree = "<group>";
		};
		98B3E3E723EAB9C600EF6BBC /* Items */ = {
			isa = PBXGroup;
			children = (
				9814577523EBDCFC008DF51E /* MyStatus */,
				98E4FA6623EC0C6100F1F3A3 /* MemeberStatus */,
				986C76BC23EC0F240015B161 /* EndMemberStatus */,
			);
			path = Items;
			sourceTree = "<group>";
		};
		98E4FA6623EC0C6100F1F3A3 /* MemeberStatus */ = {
			isa = PBXGroup;
			children = (
				9814577123EAE8EF008DF51E /* StartingMemeberHeaderView.swift */,
				986C76BD23EC10E70015B161 /* StartingMemeberCollectionCell.swift */,
			);
			path = MemeberStatus;
			sourceTree = "<group>";
		};
		98FAA87223E9626800399E6C /* Models */ = {
			isa = PBXGroup;
			children = (
				98FAA87323E9627A00399E6C /* BaseModel.swift */,
				98FAA87623E963E600399E6C /* UserModel.swift */,
				98FAA88023E9A54100399E6C /* RoomIDsModel.swift */,
				98AEFED223EA524100485E8F /* RoomInfoModel.swift */,
			);
			path = Models;
			sourceTree = "<group>";
		};
		A66769CCBF7093EC82E17318 /* Pods */ = {
			isa = PBXGroup;
			children = (
				813F61DC0558B3D410448E08 /* Pods-VoA.debug.xcconfig */,
				DA51C22EA9BFCCDBC75F47A9 /* Pods-VoA.release.xcconfig */,
				087F85FA55F8FFDE72829D69 /* Pods-VoATests.debug.xcconfig */,
				431B4870E5DD1BF151602FE7 /* Pods-VoATests.release.xcconfig */,
			);
			path = Pods;
			sourceTree = "<group>";
		};
/* End PBXGroup section */

/* Begin PBXNativeTarget section */
		4C7D06D123C9611B0096B86C /* VoA */ = {
			isa = PBXNativeTarget;
			buildConfigurationList = 4C7D06F123C961250096B86C /* Build configuration list for PBXNativeTarget "VoA" */;
			buildPhases = (
				DF8AEC2A499C74BB97729E95 /* [CP] Check Pods Manifest.lock */,
				4C570F4B23CC605300C438CA /* GraphQL API */,
				4C7D06CE23C9611B0096B86C /* Sources */,
				4C7D06CF23C9611B0096B86C /* Frameworks */,
				4C7D06D023C9611B0096B86C /* Resources */,
			);
			buildRules = (
			);
			dependencies = (
			);
			name = VoA;
			productName = VoA;
			productReference = 4C7D06D223C9611B0096B86C /* VoA.app */;
			productType = "com.apple.product-type.application";
		};
		4C7D06E723C961250096B86C /* VoATests */ = {
			isa = PBXNativeTarget;
			buildConfigurationList = 4C7D06F423C961250096B86C /* Build configuration list for PBXNativeTarget "VoATests" */;
			buildPhases = (
				27101531553C5526D6E54A57 /* [CP] Check Pods Manifest.lock */,
				4C7D06E423C961250096B86C /* Sources */,
				4C7D06E523C961250096B86C /* Frameworks */,
				4C7D06E623C961250096B86C /* Resources */,
			);
			buildRules = (
			);
			dependencies = (
				4C7D06EA23C961250096B86C /* PBXTargetDependency */,
			);
			name = VoATests;
			productName = VoATests;
			productReference = 4C7D06E823C961250096B86C /* VoATests.xctest */;
			productType = "com.apple.product-type.bundle.unit-test";
		};
/* End PBXNativeTarget section */

/* Begin PBXProject section */
		4C7D06CA23C9611A0096B86C /* Project object */ = {
			isa = PBXProject;
			attributes = {
				LastSwiftUpdateCheck = 1110;
				LastUpgradeCheck = 1110;
				ORGANIZATIONNAME = Linsaeng;
				TargetAttributes = {
					4C7D06D123C9611B0096B86C = {
						CreatedOnToolsVersion = 11.1;
						LastSwiftMigration = 1110;
					};
					4C7D06E723C961250096B86C = {
						CreatedOnToolsVersion = 11.1;
						TestTargetID = 4C7D06D123C9611B0096B86C;
					};
				};
			};
			buildConfigurationList = 4C7D06CD23C9611A0096B86C /* Build configuration list for PBXProject "VoA" */;
			compatibilityVersion = "Xcode 9.3";
			developmentRegion = en;
			hasScannedForEncodings = 0;
			knownRegions = (
				en,
				Base,
			);
			mainGroup = 4C7D06C923C9611A0096B86C;
			productRefGroup = 4C7D06D323C9611B0096B86C /* Products */;
			projectDirPath = "";
			projectRoot = "";
			targets = (
				4C7D06D123C9611B0096B86C /* VoA */,
				4C7D06E723C961250096B86C /* VoATests */,
			);
		};
/* End PBXProject section */

/* Begin PBXResourcesBuildPhase section */
		4C7D06D023C9611B0096B86C /* Resources */ = {
			isa = PBXResourcesBuildPhase;
			buildActionMask = 2147483647;
			files = (
				4C7D06E223C961240096B86C /* LaunchScreen.storyboard in Resources */,
				9861E52923DE9F5F007844D6 /* AppleLoginSuccesAlert.xib in Resources */,
				98475C8623E94548000A8018 /* LoginResponseJson.json in Resources */,
				4C570F4723CC5FF000C438CA /* schema.json in Resources */,
				4C5D0DF423D4450D00B3800D /* GoogleService-Info.plist in Resources */,
				4C7D06DF23C961240096B86C /* Assets.xcassets in Resources */,
				98AEFED023EA50FB00485E8F /* RoomInfoData.json in Resources */,
				98FAA88523E9A96A00399E6C /* RoomDatas.json in Resources */,
				980751AE23ED4F6E0027C141 /* RoomInfoComplete.json in Resources */,
				980751AC23ED41A60027C141 /* RoomInfoStartingData.json in Resources */,
				9861E52D23DEB832007844D6 /* NoneRoomView.xib in Resources */,
				98AC10EB23E2D4DD007D849C /* StartArriveAlertViewController.xib in Resources */,
				4C570F4D23CC609200C438CA /* LaunchListQuery.graphql in Resources */,
			);
			runOnlyForDeploymentPostprocessing = 0;
		};
		4C7D06E623C961250096B86C /* Resources */ = {
			isa = PBXResourcesBuildPhase;
			buildActionMask = 2147483647;
			files = (
				98AEFED123EA50FC00485E8F /* RoomInfoData.json in Resources */,
				98FAA88623E9A96A00399E6C /* RoomDatas.json in Resources */,
			);
			runOnlyForDeploymentPostprocessing = 0;
		};
/* End PBXResourcesBuildPhase section */

/* Begin PBXShellScriptBuildPhase section */
		27101531553C5526D6E54A57 /* [CP] Check Pods Manifest.lock */ = {
			isa = PBXShellScriptBuildPhase;
			buildActionMask = 2147483647;
			files = (
			);
			inputFileListPaths = (
			);
			inputPaths = (
				"${PODS_PODFILE_DIR_PATH}/Podfile.lock",
				"${PODS_ROOT}/Manifest.lock",
			);
			name = "[CP] Check Pods Manifest.lock";
			outputFileListPaths = (
			);
			outputPaths = (
				"$(DERIVED_FILE_DIR)/Pods-VoATests-checkManifestLockResult.txt",
			);
			runOnlyForDeploymentPostprocessing = 0;
			shellPath = /bin/sh;
			shellScript = "diff \"${PODS_PODFILE_DIR_PATH}/Podfile.lock\" \"${PODS_ROOT}/Manifest.lock\" > /dev/null\nif [ $? != 0 ] ; then\n    # print error to STDERR\n    echo \"error: The sandbox is not in sync with the Podfile.lock. Run 'pod install' or update your CocoaPods installation.\" >&2\n    exit 1\nfi\n# This output is used by Xcode 'outputs' to avoid re-running this script phase.\necho \"SUCCESS\" > \"${SCRIPT_OUTPUT_FILE_0}\"\n";
			showEnvVarsInLog = 0;
		};
		4C570F4B23CC605300C438CA /* GraphQL API */ = {
			isa = PBXShellScriptBuildPhase;
			buildActionMask = 12;
			files = (
			);
			inputFileListPaths = (
			);
			inputPaths = (
			);
			name = "GraphQL API";
			outputFileListPaths = (
			);
			outputPaths = (
			);
			runOnlyForDeploymentPostprocessing = 0;
			shellPath = /bin/sh;
			shellScript = "#SCRIPT_PATH=\"${PODS_ROOT}/Apollo/scripts\"\n#cd \"${SRCROOT}/${TARGET_NAME}\"\n#\"${SCRIPT_PATH}\"/run-bundled-codegen.sh codegen:generate --target=swift --includes=./**/*.graphql --localSchemaFile=\"schema.json\" API.swift\n";
			showEnvVarsInLog = 0;
		};
		DF8AEC2A499C74BB97729E95 /* [CP] Check Pods Manifest.lock */ = {
			isa = PBXShellScriptBuildPhase;
			buildActionMask = 2147483647;
			files = (
			);
			inputFileListPaths = (
			);
			inputPaths = (
				"${PODS_PODFILE_DIR_PATH}/Podfile.lock",
				"${PODS_ROOT}/Manifest.lock",
			);
			name = "[CP] Check Pods Manifest.lock";
			outputFileListPaths = (
			);
			outputPaths = (
				"$(DERIVED_FILE_DIR)/Pods-VoA-checkManifestLockResult.txt",
			);
			runOnlyForDeploymentPostprocessing = 0;
			shellPath = /bin/sh;
			shellScript = "diff \"${PODS_PODFILE_DIR_PATH}/Podfile.lock\" \"${PODS_ROOT}/Manifest.lock\" > /dev/null\nif [ $? != 0 ] ; then\n    # print error to STDERR\n    echo \"error: The sandbox is not in sync with the Podfile.lock. Run 'pod install' or update your CocoaPods installation.\" >&2\n    exit 1\nfi\n# This output is used by Xcode 'outputs' to avoid re-running this script phase.\necho \"SUCCESS\" > \"${SCRIPT_OUTPUT_FILE_0}\"\n";
			showEnvVarsInLog = 0;
		};
/* End PBXShellScriptBuildPhase section */

/* Begin PBXSourcesBuildPhase section */
		4C7D06CE23C9611B0096B86C /* Sources */ = {
			isa = PBXSourcesBuildPhase;
			buildActionMask = 2147483647;
			files = (
				988D2B4123DDA32B005CD84F /* BaseNavigationController.swift in Sources */,
				9839076723DF244200AAA064 /* HomeViewModel.swift in Sources */,
				4C24CA7723D5D013007D6F5D /* LoginViewModel.swift in Sources */,
				988D2B4623DDAAE9005CD84F /* LoginInfoView.swift in Sources */,
				980E169423EC335D00D016B0 /* StartingRoomEndMemeberCollectionViewCell.swift in Sources */,
				4C24CA7323D5CF69007D6F5D /* LoginViewController.swift in Sources */,
				985F141D23E3FCD300899172 /* MemberInviteViewModel.swift in Sources */,
				4C33B5D723CD6CF4003A0484 /* ExtensionUIAlertViewController.swift in Sources */,
				4C5D650823C96CC100822386 /* SplashViewController.swift in Sources */,
				98FAA87423E9627A00399E6C /* BaseModel.swift in Sources */,
				988D2B4423DDA895005CD84F /* LoginInfoViewController.swift in Sources */,
				98FAA87D23E99FFB00399E6C /* RoomInfoAPI.swift in Sources */,
				98475C8323E941F0000A8018 /* LoginNetworker.swift in Sources */,
				985E75B423EAAE2800C7AC1D /* NibInitializable.swift in Sources */,
				9861E53023DECC61007844D6 /* LeftMenuViewController.swift in Sources */,
				9839076523DF215000AAA064 /* LeftMenuView.swift in Sources */,
				980E169723EC38A500D016B0 /* ExtensionColection.swift in Sources */,
				986C76BE23EC10E70015B161 /* StartingMemeberCollectionCell.swift in Sources */,
				98AC10E923E2D48F007D849C /* StartArriveAlertViewController.swift in Sources */,
				4C33B5D423CD690C003A0484 /* VoAError.swift in Sources */,
				985F142423E40AF700899172 /* MemberInviteHeaderView.swift in Sources */,
				98FAA88123E9A54100399E6C /* RoomIDsModel.swift in Sources */,
				985F141F23E407E200899172 /* BaseCollectionReusableView.swift in Sources */,
				4C33B5CF23CD6538003A0484 /* Netwoker.swift in Sources */,
				98475C8023E93F44000A8018 /* LoginAPI.swift in Sources */,
				4C570F5323CC621200C438CA /* VoAService.swift in Sources */,
				985F142623E40C9200899172 /* MemberInviteCollectionViewCell.swift in Sources */,
				98FAA87123E95F5000399E6C /* ExtensionReactive.swift in Sources */,
				4C570F5123CC61EE00C438CA /* GraphqlNetworker.swift in Sources */,
				9807431323E305ED00900C6E /* CreateRoomViewController.swift in Sources */,
				985E75B123EAAD2E00C7AC1D /* NoneRoomView.swift in Sources */,
				4C46F78723CE083B0031D3E0 /* ExtensionUIView.swift in Sources */,
				98FAA87723E963E600399E6C /* UserModel.swift in Sources */,
				9807431523E3062C00900C6E /* CreateRoomView.swift in Sources */,
				98B3E3E223EAB3F700EF6BBC /* StartingRoomView.swift in Sources */,
				98FAA87F23E9A0F100399E6C /* HomeNetworker.swift in Sources */,
				985F141923E3F7BC00899172 /* MemberInviteViewController.swift in Sources */,
				9892C3EF23E328C80017AAA1 /* CreateRoomViewModel.swift in Sources */,
				4C24CA7523D5CFC7007D6F5D /* LoginView.swift in Sources */,
				9814577223EAE8EF008DF51E /* StartingMemeberHeaderView.swift in Sources */,
				4C02C2DA23D446CE0049D988 /* VoAIntegrator.swift in Sources */,
				4CB737DC23D5E27600E90929 /* HomeViewController.swift in Sources */,
				4C570F5623CC629E00C438CA /* ReactiveViewModelable.swift in Sources */,
				98B3E3E923EAB9D600EF6BBC /* StartingRoomHeaderView.swift in Sources */,
				4C570F5823CC62F700C438CA /* SplashViewModel.swift in Sources */,
				985F141B23E3F7F000899172 /* MemeberInviteView.swift in Sources */,
				988FFA0523DDBD4F002ED832 /* LoginInfoViewModel.swift in Sources */,
				4C570F5B23CC641700C438CA /* BaseViewController.swift in Sources */,
				4C7D06D623C9611B0096B86C /* AppDelegate.swift in Sources */,
				98AEFED323EA524100485E8F /* RoomInfoModel.swift in Sources */,
				98991CF723ED2D7500A73A8A /* StartArriveAlertViewModel.swift in Sources */,
				9814577423EAEDE1008DF51E /* StartingRoomEndHeaderView.swift in Sources */,
				4C5D650A23C96CCD00822386 /* ViewController.swift in Sources */,
				9861E52B23DE9F6E007844D6 /* AppleLoginSuccesAlert.swift in Sources */,
				988FFA0723DDF485002ED832 /* VoAUtil.swift in Sources */,
				98AC10E623E2CE45007D849C /* ExtensionSwiftlyUserDefault.swift in Sources */,
				4C7D06D823C9611B0096B86C /* SceneDelegate.swift in Sources */,
				4C5D651323C9710200822386 /* SplashView.swift in Sources */,
				985F142123E408DB00899172 /* BaseCollectionViewCell.swift in Sources */,
				4C5D650C23C96DB100822386 /* VoAColor.swift in Sources */,
				4C570F4F23CC615400C438CA /* LaunchListQuery.swift in Sources */,
				4C46F78423CE047F0031D3E0 /* BaseView.swift in Sources */,
				9839076923DF28E900AAA064 /* UserViewModel.swift in Sources */,
				4C8D741023D2C330005BEFAA /* ExtensionNSAttributedString.swift in Sources */,
				4C02C2DD23D4479F0049D988 /* FirebaseIntegrator.swift in Sources */,
			);
			runOnlyForDeploymentPostprocessing = 0;
		};
		4C7D06E423C961250096B86C /* Sources */ = {
			isa = PBXSourcesBuildPhase;
			buildActionMask = 2147483647;
			files = (
				4C7D06ED23C961250096B86C /* VoATests.swift in Sources */,
			);
			runOnlyForDeploymentPostprocessing = 0;
		};
/* End PBXSourcesBuildPhase section */

/* Begin PBXTargetDependency section */
		4C7D06EA23C961250096B86C /* PBXTargetDependency */ = {
			isa = PBXTargetDependency;
			target = 4C7D06D123C9611B0096B86C /* VoA */;
			targetProxy = 4C7D06E923C961250096B86C /* PBXContainerItemProxy */;
		};
/* End PBXTargetDependency section */

/* Begin PBXVariantGroup section */
		4C7D06E023C961240096B86C /* LaunchScreen.storyboard */ = {
			isa = PBXVariantGroup;
			children = (
				4C7D06E123C961240096B86C /* Base */,
			);
			name = LaunchScreen.storyboard;
			sourceTree = "<group>";
		};
/* End PBXVariantGroup section */

/* Begin XCBuildConfiguration section */
		4C7D06EF23C961250096B86C /* Debug */ = {
			isa = XCBuildConfiguration;
			buildSettings = {
				ALWAYS_SEARCH_USER_PATHS = NO;
				CLANG_ANALYZER_NONNULL = YES;
				CLANG_ANALYZER_NUMBER_OBJECT_CONVERSION = YES_AGGRESSIVE;
				CLANG_CXX_LANGUAGE_STANDARD = "gnu++14";
				CLANG_CXX_LIBRARY = "libc++";
				CLANG_ENABLE_MODULES = YES;
				CLANG_ENABLE_OBJC_ARC = YES;
				CLANG_ENABLE_OBJC_WEAK = YES;
				CLANG_WARN_BLOCK_CAPTURE_AUTORELEASING = YES;
				CLANG_WARN_BOOL_CONVERSION = YES;
				CLANG_WARN_COMMA = YES;
				CLANG_WARN_CONSTANT_CONVERSION = YES;
				CLANG_WARN_DEPRECATED_OBJC_IMPLEMENTATIONS = YES;
				CLANG_WARN_DIRECT_OBJC_ISA_USAGE = YES_ERROR;
				CLANG_WARN_DOCUMENTATION_COMMENTS = YES;
				CLANG_WARN_EMPTY_BODY = YES;
				CLANG_WARN_ENUM_CONVERSION = YES;
				CLANG_WARN_INFINITE_RECURSION = YES;
				CLANG_WARN_INT_CONVERSION = YES;
				CLANG_WARN_NON_LITERAL_NULL_CONVERSION = YES;
				CLANG_WARN_OBJC_IMPLICIT_RETAIN_SELF = YES;
				CLANG_WARN_OBJC_LITERAL_CONVERSION = YES;
				CLANG_WARN_OBJC_ROOT_CLASS = YES_ERROR;
				CLANG_WARN_RANGE_LOOP_ANALYSIS = YES;
				CLANG_WARN_STRICT_PROTOTYPES = YES;
				CLANG_WARN_SUSPICIOUS_MOVE = YES;
				CLANG_WARN_UNGUARDED_AVAILABILITY = YES_AGGRESSIVE;
				CLANG_WARN_UNREACHABLE_CODE = YES;
				CLANG_WARN__DUPLICATE_METHOD_MATCH = YES;
				COPY_PHASE_STRIP = NO;
				DEBUG_INFORMATION_FORMAT = dwarf;
				ENABLE_STRICT_OBJC_MSGSEND = YES;
				ENABLE_TESTABILITY = YES;
				GCC_C_LANGUAGE_STANDARD = gnu11;
				GCC_DYNAMIC_NO_PIC = NO;
				GCC_NO_COMMON_BLOCKS = YES;
				GCC_OPTIMIZATION_LEVEL = 0;
				GCC_PREPROCESSOR_DEFINITIONS = (
					"DEBUG=1",
					"$(inherited)",
				);
				GCC_WARN_64_TO_32_BIT_CONVERSION = YES;
				GCC_WARN_ABOUT_RETURN_TYPE = YES_ERROR;
				GCC_WARN_UNDECLARED_SELECTOR = YES;
				GCC_WARN_UNINITIALIZED_AUTOS = YES_AGGRESSIVE;
				GCC_WARN_UNUSED_FUNCTION = YES;
				GCC_WARN_UNUSED_VARIABLE = YES;
				IPHONEOS_DEPLOYMENT_TARGET = 13.0;
				MTL_ENABLE_DEBUG_INFO = INCLUDE_SOURCE;
				MTL_FAST_MATH = YES;
				ONLY_ACTIVE_ARCH = YES;
				SDKROOT = iphoneos;
				SWIFT_ACTIVE_COMPILATION_CONDITIONS = DEBUG;
				SWIFT_OPTIMIZATION_LEVEL = "-Onone";
			};
			name = Debug;
		};
		4C7D06F023C961250096B86C /* Release */ = {
			isa = XCBuildConfiguration;
			buildSettings = {
				ALWAYS_SEARCH_USER_PATHS = NO;
				CLANG_ANALYZER_NONNULL = YES;
				CLANG_ANALYZER_NUMBER_OBJECT_CONVERSION = YES_AGGRESSIVE;
				CLANG_CXX_LANGUAGE_STANDARD = "gnu++14";
				CLANG_CXX_LIBRARY = "libc++";
				CLANG_ENABLE_MODULES = YES;
				CLANG_ENABLE_OBJC_ARC = YES;
				CLANG_ENABLE_OBJC_WEAK = YES;
				CLANG_WARN_BLOCK_CAPTURE_AUTORELEASING = YES;
				CLANG_WARN_BOOL_CONVERSION = YES;
				CLANG_WARN_COMMA = YES;
				CLANG_WARN_CONSTANT_CONVERSION = YES;
				CLANG_WARN_DEPRECATED_OBJC_IMPLEMENTATIONS = YES;
				CLANG_WARN_DIRECT_OBJC_ISA_USAGE = YES_ERROR;
				CLANG_WARN_DOCUMENTATION_COMMENTS = YES;
				CLANG_WARN_EMPTY_BODY = YES;
				CLANG_WARN_ENUM_CONVERSION = YES;
				CLANG_WARN_INFINITE_RECURSION = YES;
				CLANG_WARN_INT_CONVERSION = YES;
				CLANG_WARN_NON_LITERAL_NULL_CONVERSION = YES;
				CLANG_WARN_OBJC_IMPLICIT_RETAIN_SELF = YES;
				CLANG_WARN_OBJC_LITERAL_CONVERSION = YES;
				CLANG_WARN_OBJC_ROOT_CLASS = YES_ERROR;
				CLANG_WARN_RANGE_LOOP_ANALYSIS = YES;
				CLANG_WARN_STRICT_PROTOTYPES = YES;
				CLANG_WARN_SUSPICIOUS_MOVE = YES;
				CLANG_WARN_UNGUARDED_AVAILABILITY = YES_AGGRESSIVE;
				CLANG_WARN_UNREACHABLE_CODE = YES;
				CLANG_WARN__DUPLICATE_METHOD_MATCH = YES;
				COPY_PHASE_STRIP = NO;
				DEBUG_INFORMATION_FORMAT = "dwarf-with-dsym";
				ENABLE_NS_ASSERTIONS = NO;
				ENABLE_STRICT_OBJC_MSGSEND = YES;
				GCC_C_LANGUAGE_STANDARD = gnu11;
				GCC_NO_COMMON_BLOCKS = YES;
				GCC_WARN_64_TO_32_BIT_CONVERSION = YES;
				GCC_WARN_ABOUT_RETURN_TYPE = YES_ERROR;
				GCC_WARN_UNDECLARED_SELECTOR = YES;
				GCC_WARN_UNINITIALIZED_AUTOS = YES_AGGRESSIVE;
				GCC_WARN_UNUSED_FUNCTION = YES;
				GCC_WARN_UNUSED_VARIABLE = YES;
				IPHONEOS_DEPLOYMENT_TARGET = 13.0;
				MTL_ENABLE_DEBUG_INFO = NO;
				MTL_FAST_MATH = YES;
				SDKROOT = iphoneos;
				SWIFT_COMPILATION_MODE = wholemodule;
				SWIFT_OPTIMIZATION_LEVEL = "-O";
				VALIDATE_PRODUCT = YES;
			};
			name = Release;
		};
		4C7D06F223C961250096B86C /* Debug */ = {
			isa = XCBuildConfiguration;
			baseConfigurationReference = 813F61DC0558B3D410448E08 /* Pods-VoA.debug.xcconfig */;
			buildSettings = {
				ALWAYS_EMBED_SWIFT_STANDARD_LIBRARIES = "$(inherited)";
				ALWAYS_SEARCH_USER_PATHS = YES;
				ASSETCATALOG_COMPILER_APPICON_NAME = AppIcon;
				CLANG_ENABLE_MODULES = YES;
				CODE_SIGN_ENTITLEMENTS = VoA/VoA.entitlements;
				CODE_SIGN_IDENTITY = "Apple Development";
				CODE_SIGN_STYLE = Automatic;
				DEVELOPMENT_TEAM = 524TVTU6B9;
				FRAMEWORK_SEARCH_PATHS = (
					"$(inherited)",
					"$(PROJECT_DIR)",
				);
				INFOPLIST_FILE = VoA/Info.plist;
				LD_RUNPATH_SEARCH_PATHS = (
					"$(inherited)",
					"@executable_path/Frameworks",
				);
				MARKETING_VERSION = 0.0.5;
				ONLY_ACTIVE_ARCH = NO;
				OTHER_LDFLAGS = (
					"$(inherited)",
					"-all_load",
					"-l\"Alamofire\"",
					"-l\"Apollo\"",
					"-l\"ObjectMapper\"",
					"-l\"RxApolloClient\"",
					"-l\"RxCocoa\"",
					"-l\"RxRelay\"",
					"-l\"RxSwift\"",
					"-l\"SnapKit\"",
					"-l\"SwiftlyIndicator\"",
					"-l\"SwiftyJSON\"",
					"-framework",
					"\"CFNetwork\"",
					"-all_load",
				);
				PRODUCT_BUNDLE_IDENTIFIER = com.linsaeng.VoA;
				PRODUCT_NAME = "$(TARGET_NAME)";
				PROVISIONING_PROFILE_SPECIFIER = "";
				SWIFT_OBJC_BRIDGING_HEADER = "VoA/VoA-Bridging-Header.h";
				SWIFT_OPTIMIZATION_LEVEL = "-Onone";
				SWIFT_VERSION = 5.0;
				TARGETED_DEVICE_FAMILY = 1;
				VALIDATE_PRODUCT = YES;
			};
			name = Debug;
		};
		4C7D06F323C961250096B86C /* Release */ = {
			isa = XCBuildConfiguration;
			baseConfigurationReference = DA51C22EA9BFCCDBC75F47A9 /* Pods-VoA.release.xcconfig */;
			buildSettings = {
				ALWAYS_EMBED_SWIFT_STANDARD_LIBRARIES = "$(inherited)";
				ALWAYS_SEARCH_USER_PATHS = YES;
				ASSETCATALOG_COMPILER_APPICON_NAME = AppIcon;
				CLANG_ENABLE_MODULES = YES;
				CODE_SIGN_ENTITLEMENTS = VoA/VoARelease.entitlements;
				CODE_SIGN_IDENTITY = "Apple Development";
				CODE_SIGN_STYLE = Automatic;
				DEVELOPMENT_TEAM = 524TVTU6B9;
				ENABLE_TESTABILITY = YES;
				FRAMEWORK_SEARCH_PATHS = (
					"$(inherited)",
					"$(PROJECT_DIR)",
				);
				INFOPLIST_FILE = VoA/Info.plist;
				LD_RUNPATH_SEARCH_PATHS = (
					"$(inherited)",
					"@executable_path/Frameworks",
				);
				MARKETING_VERSION = 0.0.5;
				ONLY_ACTIVE_ARCH = NO;
				OTHER_LDFLAGS = (
					"$(inherited)",
					"-all_load",
					"-l\"Alamofire\"",
					"-l\"Apollo\"",
					"-l\"ObjectMapper\"",
					"-l\"RxApolloClient\"",
					"-l\"RxCocoa\"",
					"-l\"RxRelay\"",
					"-l\"RxSwift\"",
					"-l\"SnapKit\"",
					"-l\"SwiftlyIndicator\"",
					"-l\"SwiftyJSON\"",
					"-framework",
					"\"CFNetwork\"",
					"-all_load",
				);
				PRODUCT_BUNDLE_IDENTIFIER = com.linsaeng.VoA;
				PRODUCT_NAME = "$(TARGET_NAME)";
				PROVISIONING_PROFILE_SPECIFIER = "";
				SWIFT_OBJC_BRIDGING_HEADER = "VoA/VoA-Bridging-Header.h";
				SWIFT_VERSION = 5.0;
				TARGETED_DEVICE_FAMILY = 1;
			};
			name = Release;
		};
		4C7D06F523C961250096B86C /* Debug */ = {
			isa = XCBuildConfiguration;
			baseConfigurationReference = 087F85FA55F8FFDE72829D69 /* Pods-VoATests.debug.xcconfig */;
			buildSettings = {
				ALWAYS_EMBED_SWIFT_STANDARD_LIBRARIES = YES;
				BUNDLE_LOADER = "$(TEST_HOST)";
				CODE_SIGN_STYLE = Automatic;
				DEVELOPMENT_TEAM = 524TVTU6B9;
				INFOPLIST_FILE = VoATests/Info.plist;
				IPHONEOS_DEPLOYMENT_TARGET = 13.1;
				LD_RUNPATH_SEARCH_PATHS = (
					"$(inherited)",
					"@executable_path/Frameworks",
					"@loader_path/Frameworks",
				);
				ONLY_ACTIVE_ARCH = NO;
				PRODUCT_BUNDLE_IDENTIFIER = com.linsaeng.VoATests;
				PRODUCT_NAME = "$(TARGET_NAME)";
				SWIFT_VERSION = 5.0;
				TARGETED_DEVICE_FAMILY = "1,2";
				TEST_HOST = "$(BUILT_PRODUCTS_DIR)/VoA.app/VoA";
				VALIDATE_PRODUCT = YES;
			};
			name = Debug;
		};
		4C7D06F623C961250096B86C /* Release */ = {
			isa = XCBuildConfiguration;
			baseConfigurationReference = 431B4870E5DD1BF151602FE7 /* Pods-VoATests.release.xcconfig */;
			buildSettings = {
				ALWAYS_EMBED_SWIFT_STANDARD_LIBRARIES = YES;
				BUNDLE_LOADER = "$(TEST_HOST)";
				CODE_SIGN_STYLE = Automatic;
				DEVELOPMENT_TEAM = 524TVTU6B9;
				ENABLE_TESTABILITY = YES;
				INFOPLIST_FILE = VoATests/Info.plist;
				IPHONEOS_DEPLOYMENT_TARGET = 13.1;
				LD_RUNPATH_SEARCH_PATHS = (
					"$(inherited)",
					"@executable_path/Frameworks",
					"@loader_path/Frameworks",
				);
				ONLY_ACTIVE_ARCH = NO;
				PRODUCT_BUNDLE_IDENTIFIER = com.linsaeng.VoATests;
				PRODUCT_NAME = "$(TARGET_NAME)";
				SWIFT_VERSION = 5.0;
				TARGETED_DEVICE_FAMILY = "1,2";
				TEST_HOST = "$(BUILT_PRODUCTS_DIR)/VoA.app/VoA";
			};
			name = Release;
		};
/* End XCBuildConfiguration section */

/* Begin XCConfigurationList section */
		4C7D06CD23C9611A0096B86C /* Build configuration list for PBXProject "VoA" */ = {
			isa = XCConfigurationList;
			buildConfigurations = (
				4C7D06EF23C961250096B86C /* Debug */,
				4C7D06F023C961250096B86C /* Release */,
			);
			defaultConfigurationIsVisible = 0;
			defaultConfigurationName = Release;
		};
		4C7D06F123C961250096B86C /* Build configuration list for PBXNativeTarget "VoA" */ = {
			isa = XCConfigurationList;
			buildConfigurations = (
				4C7D06F223C961250096B86C /* Debug */,
				4C7D06F323C961250096B86C /* Release */,
			);
			defaultConfigurationIsVisible = 0;
			defaultConfigurationName = Release;
		};
		4C7D06F423C961250096B86C /* Build configuration list for PBXNativeTarget "VoATests" */ = {
			isa = XCConfigurationList;
			buildConfigurations = (
				4C7D06F523C961250096B86C /* Debug */,
				4C7D06F623C961250096B86C /* Release */,
			);
			defaultConfigurationIsVisible = 0;
			defaultConfigurationName = Release;
		};
/* End XCConfigurationList section */
	};
	rootObject = 4C7D06CA23C9611A0096B86C /* Project object */;
}
